{
  "nodes": {
    "nixCats": {
      "locked": {
        "lastModified": 1733033563,
        "narHash": "sha256-AnVCeE9yEaMVes3RwsoFSxi2etJ9MhuOHFL+4uDi8IQ=",
        "owner": "BirdeeHub",
        "repo": "nixCats-nvim",
        "rev": "37d89a3ebe56aa34c06e113302331a347d6d88ed",
        "type": "github"
      },
      "original": {
        "owner": "BirdeeHub",
        "repo": "nixCats-nvim",
        "type": "github"
      }
    },
    "nixpkgs": {
      "locked": {
        "lastModified": 1733064805,
        "narHash": "sha256-7NbtSLfZO0q7MXPl5hzA0sbVJt6pWxxtGWbaVUDDmjs=",
        "owner": "nixos",
        "repo": "nixpkgs",
        "rev": "31d66ae40417bb13765b0ad75dd200400e98de84",
        "type": "github"
      },
      "original": {
        "owner": "nixos",
        "ref": "nixpkgs-unstable",
        "repo": "nixpkgs",
        "type": "github"
      }
    },
    "plugins-chsh": {
      "flake": false,
      "locked": {
        "lastModified": 1654886524,
        "narHash": "sha256-TkCFvIZ5TOdjs8+pbsWQvWh0QdllMfYAJ28yFHOtBtY=",
        "owner": "Djancyp",
        "repo": "cheat-sheet",
        "rev": "772556d803dbcee914902ae775cca68378bcc90a",
        "type": "github"
      },
      "original": {
        "owner": "Djancyp",
        "repo": "cheat-sheet",
        "type": "github"
      }
    },
    "plugins-line-number-change-mode": {
      "flake": false,
      "locked": {
        "lastModified": 1729012619,
        "narHash": "sha256-5oesT8HB+N4AWfXt9+l/5nrxlhCoEgfcUKk4Jm2U8Fk=",
        "owner": "sethen",
        "repo": "line-number-change-mode.nvim",
        "rev": "0237ad6bd85c5872df66e2e98d7bba27c906382e",
        "type": "github"
      },
      "original": {
        "owner": "sethen",
        "repo": "line-number-change-mode.nvim",
        "type": "github"
      }
    },
    "plugins-tinydiag": {
      "flake": false,
      "locked": {
        "lastModified": 1733143236,
        "narHash": "sha256-xXmS/4TqMi9SVhXurw3xBaVDngAVv/Bz28TvSwzZi7A=",
        "owner": "rachartier",
        "repo": "tiny-inline-diagnostic.nvim",
        "rev": "0f3a6e316dbfc8fc8abbd4c631496a0f054e5459",
        "type": "github"
      },
      "original": {
        "owner": "rachartier",
        "repo": "tiny-inline-diagnostic.nvim",
        "type": "github"
      }
    },
    "plugins-virtcolumn": {
      "flake": false,
      "locked": {
        "lastModified": 1702641344,
        "narHash": "sha256-4Q7dbgu/YxpHTLrMgGzJ2DaAuaH9VhkVTrtlbFmPYZY=",
        "owner": "xiyaowong",
        "repo": "virtcolumn.nvim",
        "rev": "4d385b4aa42aa3af6fa2cb8527462fa4badbd163",
        "type": "github"
      },
      "original": {
        "owner": "xiyaowong",
        "repo": "virtcolumn.nvim",
        "type": "github"
      }
    },
    "root": {
      "inputs": {
        "nixCats": "nixCats",
        "nixpkgs": "nixpkgs",
        "plugins-chsh": "plugins-chsh",
        "plugins-line-number-change-mode": "plugins-line-number-change-mode",
        "plugins-tinydiag": "plugins-tinydiag",
        "plugins-virtcolumn": "plugins-virtcolumn"
      }
    }
  },
  "root": "root",
  "version": 7
}
