{
  "nodes": {
    "nixCats": {
      "locked": {
        "lastModified": 1738824859,
        "narHash": "sha256-HRi/yH5GDoy74BVt8auS5qx9hEUlG5OciqKWhkizDJY=",
        "owner": "BirdeeHub",
        "repo": "nixCats-nvim",
        "rev": "6ed8baf7af158259155408fc8b535e60794765ca",
        "type": "github"
      },
      "original": {
        "owner": "BirdeeHub",
        "repo": "nixCats-nvim",
        "type": "github"
      }
    },
    "nixpkgs": {
      "locked": {
        "lastModified": 1738797219,
        "narHash": "sha256-KRwX9Z1XavpgeSDVM/THdFd6uH8rNm/6R+7kIbGa+2s=",
        "owner": "nixos",
        "repo": "nixpkgs",
        "rev": "1da52dd49a127ad74486b135898da2cef8c62665",
        "type": "github"
      },
      "original": {
        "owner": "nixos",
        "ref": "nixpkgs-unstable",
        "repo": "nixpkgs",
        "type": "github"
      }
    },
    "plugins-chsh": {
      "flake": false,
      "locked": {
        "lastModified": 1654886524,
        "narHash": "sha256-TkCFvIZ5TOdjs8+pbsWQvWh0QdllMfYAJ28yFHOtBtY=",
        "owner": "Djancyp",
        "repo": "cheat-sheet",
        "rev": "772556d803dbcee914902ae775cca68378bcc90a",
        "type": "github"
      },
      "original": {
        "owner": "Djancyp",
        "repo": "cheat-sheet",
        "type": "github"
      }
    },
    "plugins-line-number-change-mode": {
      "flake": false,
      "locked": {
        "lastModified": 1729012619,
        "narHash": "sha256-5oesT8HB+N4AWfXt9+l/5nrxlhCoEgfcUKk4Jm2U8Fk=",
        "owner": "sethen",
        "repo": "line-number-change-mode.nvim",
        "rev": "0237ad6bd85c5872df66e2e98d7bba27c906382e",
        "type": "github"
      },
      "original": {
        "owner": "sethen",
        "repo": "line-number-change-mode.nvim",
        "type": "github"
      }
    },
    "plugins-tinydiag": {
      "flake": false,
      "locked": {
        "lastModified": 1738756980,
        "narHash": "sha256-M4CD2usIp6IR4EKdYvHxuf6kitE60/8RTS8F/5GRWT0=",
        "owner": "rachartier",
        "repo": "tiny-inline-diagnostic.nvim",
        "rev": "576351d53c1f6bda70252c3aaa710b01472024aa",
        "type": "github"
      },
      "original": {
        "owner": "rachartier",
        "repo": "tiny-inline-diagnostic.nvim",
        "type": "github"
      }
    },
    "root": {
      "inputs": {
        "nixCats": "nixCats",
        "nixpkgs": "nixpkgs",
        "plugins-chsh": "plugins-chsh",
        "plugins-line-number-change-mode": "plugins-line-number-change-mode",
        "plugins-tinydiag": "plugins-tinydiag"
      }
    }
  },
  "root": "root",
  "version": 7
}
