{
  "nodes": {
    "nixCats": {
      "locked": {
        "lastModified": 1735318798,
        "narHash": "sha256-x1hq2uimNBQtYtkaJ4KODKQmdbAYvnd1hoxRyyPekWE=",
        "owner": "BirdeeHub",
        "repo": "nixCats-nvim",
        "rev": "58a8782879f926192b06b95f75538618456062ae",
        "type": "github"
      },
      "original": {
        "owner": "BirdeeHub",
        "repo": "nixCats-nvim",
        "type": "github"
      }
    },
    "nixpkgs": {
      "locked": {
        "lastModified": 1735268880,
        "narHash": "sha256-7QEFnKkzD13SPxs+UFR5bUFN2fRw+GlL0am72ZjNre4=",
        "owner": "nixos",
        "repo": "nixpkgs",
        "rev": "7cc0bff31a3a705d3ac4fdceb030a17239412210",
        "type": "github"
      },
      "original": {
        "owner": "nixos",
        "ref": "nixpkgs-unstable",
        "repo": "nixpkgs",
        "type": "github"
      }
    },
    "plugins-chsh": {
      "flake": false,
      "locked": {
        "lastModified": 1654886524,
        "narHash": "sha256-TkCFvIZ5TOdjs8+pbsWQvWh0QdllMfYAJ28yFHOtBtY=",
        "owner": "Djancyp",
        "repo": "cheat-sheet",
        "rev": "772556d803dbcee914902ae775cca68378bcc90a",
        "type": "github"
      },
      "original": {
        "owner": "Djancyp",
        "repo": "cheat-sheet",
        "type": "github"
      }
    },
    "plugins-line-number-change-mode": {
      "flake": false,
      "locked": {
        "lastModified": 1729012619,
        "narHash": "sha256-5oesT8HB+N4AWfXt9+l/5nrxlhCoEgfcUKk4Jm2U8Fk=",
        "owner": "sethen",
        "repo": "line-number-change-mode.nvim",
        "rev": "0237ad6bd85c5872df66e2e98d7bba27c906382e",
        "type": "github"
      },
      "original": {
        "owner": "sethen",
        "repo": "line-number-change-mode.nvim",
        "type": "github"
      }
    },
    "plugins-tinydiag": {
      "flake": false,
      "locked": {
        "lastModified": 1734743671,
        "narHash": "sha256-jQoffP1Y8TxEszhxqv13yToIb54c8VXuq0F9iFrtdhg=",
        "owner": "rachartier",
        "repo": "tiny-inline-diagnostic.nvim",
        "rev": "90610e55f438d833c052867d022ff11f27647210",
        "type": "github"
      },
      "original": {
        "owner": "rachartier",
        "repo": "tiny-inline-diagnostic.nvim",
        "type": "github"
      }
    },
    "root": {
      "inputs": {
        "nixCats": "nixCats",
        "nixpkgs": "nixpkgs",
        "plugins-chsh": "plugins-chsh",
        "plugins-line-number-change-mode": "plugins-line-number-change-mode",
        "plugins-tinydiag": "plugins-tinydiag"
      }
    }
  },
  "root": "root",
  "version": 7
}
